
Microsoft Visual Studio Solution File, Format Version 12.00
# Visual Studio Version 17
VisualStudioVersion = 17.8.34330.188
MinimumVisualStudioVersion = 10.0.40219.1
Project("{FAE04EC0-301F-11D3-BF4B-00C04F79EFBC}") = "exam-app", "exam-app\exam-app.csproj", "{D325E40A-CB50-439C-8F12-7FF7BAE85BF2}"
EndProject
Global
	GlobalSection(SolutionConfigurationPlatforms) = preSolution
		Debug|Any CPU = Debug|Any CPU
		Release|Any CPU = Release|Any CPU
	EndGlobalSection
	GlobalSection(ProjectConfigurationPlatforms) = postSolution
		{D325E40A-CB50-439C-8F12-7FF7BAE85BF2}.Debug|Any CPU.ActiveCfg = Debug|Any CPU
		{D325E40A-CB50-439C-8F12-7FF7BAE85BF2}.Debug|Any CPU.Build.0 = Debug|Any CPU
		{D325E40A-CB50-439C-8F12-7FF7BAE85BF2}.Release|Any CPU.ActiveCfg = Release|Any CPU
		{D325E40A-CB50-439C-8F12-7FF7BAE85BF2}.Release|Any CPU.Build.0 = Release|Any CPU
	EndGlobalSection
	GlobalSection(SolutionProperties) = preSolution
		HideSolutionNode = FALSE
	EndGlobalSection
	GlobalSection(ExtensibilityGlobals) = postSolution
		SolutionGuid = {DBE779A2-8F9B-4E54-AFC9-3B7721BFC683}
	EndGlobalSection
EndGlobal
